
Microsoft Visual Studio Solution File, Format Version 12.00
# Visual Studio 15
VisualStudioVersion = 15.0.28010.2003
MinimumVisualStudioVersion = 10.0.40219.1
Project("{FAE04EC0-301F-11D3-BF4B-00C04F79EFBC}") = "QLSVNoiTru", "QLSVNoiTru\QLSVNoiTru.csproj", "{15DD894F-7988-4AD9-9FDF-D2C0007A519B}"
EndProject
Global
	GlobalSection(SolutionConfigurationPlatforms) = preSolution
		Debug|Any CPU = Debug|Any CPU
		Release|Any CPU = Release|Any CPU
	EndGlobalSection
	GlobalSection(ProjectConfigurationPlatforms) = postSolution
		{15DD894F-7988-4AD9-9FDF-D2C0007A519B}.Debug|Any CPU.ActiveCfg = Debug|Any CPU
		{15DD894F-7988-4AD9-9FDF-D2C0007A519B}.Debug|Any CPU.Build.0 = Debug|Any CPU
		{15DD894F-7988-4AD9-9FDF-D2C0007A519B}.Release|Any CPU.ActiveCfg = Release|Any CPU
		{15DD894F-7988-4AD9-9FDF-D2C0007A519B}.Release|Any CPU.Build.0 = Release|Any CPU
	EndGlobalSection
	GlobalSection(SolutionProperties) = preSolution
		HideSolutionNode = FALSE
	EndGlobalSection
	GlobalSection(ExtensibilityGlobals) = postSolution
		SolutionGuid = {89A94A3B-829C-4E93-89B7-9226535FA891}
	EndGlobalSection
	GlobalSection(TeamFoundationVersionControl) = preSolution
		SccNumberOfProjects = 2
		SccEnterpriseProvider = {4CA58AB2-18FA-4F8D-95D4-32DDF27D184C}
		SccTeamFoundationServer = https://dev.azure.com/doantotnghiep2019
		SccLocalPath0 = .
		SccProjectUniqueName1 = QLSVNoiTru\\QLSVNoiTru.csproj
		SccProjectName1 = QLSVNoiTru
		SccLocalPath1 = QLSVNoiTru
	EndGlobalSection
EndGlobal
